
Microsoft Visual Studio Solution File, Format Version 12.00
# Visual Studio Version 17
VisualStudioVersion = 17.11.35303.130
MinimumVisualStudioVersion = 10.0.40219.1
Project("{FAE04EC0-301F-11D3-BF4B-00C04F79EFBC}") = "WarehouseTech", "WarehouseTech\WarehouseTech.csproj", "{1DB67B85-6EFB-4555-BB76-E508480E5F95}"
EndProject
Global
	GlobalSection(SolutionConfigurationPlatforms) = preSolution
		Debug|Any CPU = Debug|Any CPU
		Release|Any CPU = Release|Any CPU
	EndGlobalSection
	GlobalSection(ProjectConfigurationPlatforms) = postSolution
		{1DB67B85-6EFB-4555-BB76-E508480E5F95}.Debug|Any CPU.ActiveCfg = Debug|Any CPU
		{1DB67B85-6EFB-4555-BB76-E508480E5F95}.Debug|Any CPU.Build.0 = Debug|Any CPU
		{1DB67B85-6EFB-4555-BB76-E508480E5F95}.Release|Any CPU.ActiveCfg = Release|Any CPU
		{1DB67B85-6EFB-4555-BB76-E508480E5F95}.Release|Any CPU.Build.0 = Release|Any CPU
	EndGlobalSection
	GlobalSection(SolutionProperties) = preSolution
		HideSolutionNode = FALSE
	EndGlobalSection
	GlobalSection(ExtensibilityGlobals) = postSolution
		SolutionGuid = {38137D5E-4172-4469-A8D4-EF0196435C46}
	EndGlobalSection
EndGlobal
